
Microsoft Visual Studio Solution File, Format Version 12.00
# Visual Studio Version 16
VisualStudioVersion = 16.0.32602.291
MinimumVisualStudioVersion = 10.0.40219.1
Project("{FAE04EC0-301F-11D3-BF4B-00C04F79EFBC}") = "Ticari_Otomasyon", "Ticari_Otomasyon\Ticari_Otomasyon.csproj", "{D29DA6D7-CA76-4F99-8FFA-7F947A9823C9}"
EndProject
Global
	GlobalSection(SolutionConfigurationPlatforms) = preSolution
		Debug|Any CPU = Debug|Any CPU
		Release|Any CPU = Release|Any CPU
	EndGlobalSection
	GlobalSection(ProjectConfigurationPlatforms) = postSolution
		{D29DA6D7-CA76-4F99-8FFA-7F947A9823C9}.Debug|Any CPU.ActiveCfg = Debug|Any CPU
		{D29DA6D7-CA76-4F99-8FFA-7F947A9823C9}.Debug|Any CPU.Build.0 = Debug|Any CPU
		{D29DA6D7-CA76-4F99-8FFA-7F947A9823C9}.Release|Any CPU.ActiveCfg = Release|Any CPU
		{D29DA6D7-CA76-4F99-8FFA-7F947A9823C9}.Release|Any CPU.Build.0 = Release|Any CPU
	EndGlobalSection
	GlobalSection(SolutionProperties) = preSolution
		HideSolutionNode = FALSE
	EndGlobalSection
	GlobalSection(ExtensibilityGlobals) = postSolution
		SolutionGuid = {068A9AE7-2F81-4F7C-88E7-EFBCF83BF24A}
	EndGlobalSection
EndGlobal
